
Microsoft Visual Studio Solution File, Format Version 12.00
# Visual Studio Version 17
VisualStudioVersion = 17.11.35208.52
MinimumVisualStudioVersion = 10.0.40219.1
Project("{FAE04EC0-301F-11D3-BF4B-00C04F79EFBC}") = "TaskManagementSystem", "TaskManagementSystem\TaskManagementSystem.csproj", "{D03DF890-3783-4038-823E-3CD73207C4D5}"
EndProject
Project("{FAE04EC0-301F-11D3-BF4B-00C04F79EFBC}") = "TaskManagementSystem.Data", "TaskManagementSystem.Data\TaskManagementSystem.Data.csproj", "{CE9EE2D1-FF77-4FE5-9ADD-ABA03E1670E8}"
EndProject
Project("{FAE04EC0-301F-11D3-BF4B-00C04F79EFBC}") = "TaskManagementSystem.Service", "TaskManagementSystem.Service\TaskManagementSystem.Service.csproj", "{32153636-9CA7-417F-9EB2-6E98C1E4BC8A}"
EndProject
Global
	GlobalSection(SolutionConfigurationPlatforms) = preSolution
		Debug|Any CPU = Debug|Any CPU
		Release|Any CPU = Release|Any CPU
	EndGlobalSection
	GlobalSection(ProjectConfigurationPlatforms) = postSolution
		{D03DF890-3783-4038-823E-3CD73207C4D5}.Debug|Any CPU.ActiveCfg = Debug|Any CPU
		{D03DF890-3783-4038-823E-3CD73207C4D5}.Debug|Any CPU.Build.0 = Debug|Any CPU
		{D03DF890-3783-4038-823E-3CD73207C4D5}.Release|Any CPU.ActiveCfg = Release|Any CPU
		{D03DF890-3783-4038-823E-3CD73207C4D5}.Release|Any CPU.Build.0 = Release|Any CPU
		{CE9EE2D1-FF77-4FE5-9ADD-ABA03E1670E8}.Debug|Any CPU.ActiveCfg = Debug|Any CPU
		{CE9EE2D1-FF77-4FE5-9ADD-ABA03E1670E8}.Debug|Any CPU.Build.0 = Debug|Any CPU
		{CE9EE2D1-FF77-4FE5-9ADD-ABA03E1670E8}.Release|Any CPU.ActiveCfg = Release|Any CPU
		{CE9EE2D1-FF77-4FE5-9ADD-ABA03E1670E8}.Release|Any CPU.Build.0 = Release|Any CPU
		{32153636-9CA7-417F-9EB2-6E98C1E4BC8A}.Debug|Any CPU.ActiveCfg = Debug|Any CPU
		{32153636-9CA7-417F-9EB2-6E98C1E4BC8A}.Debug|Any CPU.Build.0 = Debug|Any CPU
		{32153636-9CA7-417F-9EB2-6E98C1E4BC8A}.Release|Any CPU.ActiveCfg = Release|Any CPU
		{32153636-9CA7-417F-9EB2-6E98C1E4BC8A}.Release|Any CPU.Build.0 = Release|Any CPU
	EndGlobalSection
	GlobalSection(SolutionProperties) = preSolution
		HideSolutionNode = FALSE
	EndGlobalSection
	GlobalSection(ExtensibilityGlobals) = postSolution
		SolutionGuid = {401A70AE-410E-49D7-8C0D-BCAB9565FC27}
	EndGlobalSection
EndGlobal
